
Microsoft Visual Studio Solution File, Format Version 12.00
# Visual Studio Version 16
VisualStudioVersion = 16.0.30804.86
MinimumVisualStudioVersion = 10.0.40219.1
Project("{FAE04EC0-301F-11D3-BF4B-00C04F79EFBC}") = "KitchenGadget", "KitchenGadget\KitchenGadget.csproj", "{F3B29C81-BFEF-42B2-A796-918ED9DE8F1B}"
EndProject
Project("{9A19103F-16F7-4668-BE54-9A1E7A4F7556}") = "_build", "build\_build.csproj", "{27C85207-1465-4FE4-8F0E-2347919EA837}"
EndProject
Global
	GlobalSection(SolutionConfigurationPlatforms) = preSolution
		Debug|Any CPU = Debug|Any CPU
		Release|Any CPU = Release|Any CPU
	EndGlobalSection
	GlobalSection(ProjectConfigurationPlatforms) = postSolution
		{27C85207-1465-4FE4-8F0E-2347919EA837}.Debug|Any CPU.ActiveCfg = Debug|Any CPU
		{27C85207-1465-4FE4-8F0E-2347919EA837}.Release|Any CPU.ActiveCfg = Release|Any CPU
		{F3B29C81-BFEF-42B2-A796-918ED9DE8F1B}.Debug|Any CPU.ActiveCfg = Debug|Any CPU
		{F3B29C81-BFEF-42B2-A796-918ED9DE8F1B}.Debug|Any CPU.Build.0 = Debug|Any CPU
		{F3B29C81-BFEF-42B2-A796-918ED9DE8F1B}.Release|Any CPU.ActiveCfg = Release|Any CPU
		{F3B29C81-BFEF-42B2-A796-918ED9DE8F1B}.Release|Any CPU.Build.0 = Release|Any CPU
	EndGlobalSection
	GlobalSection(SolutionProperties) = preSolution
		HideSolutionNode = FALSE
	EndGlobalSection
	GlobalSection(ExtensibilityGlobals) = postSolution
		SolutionGuid = {C8ABE1F2-B303-4D8D-8B63-8086E6C904E3}
	EndGlobalSection
EndGlobal
